
Microsoft Visual Studio Solution File, Format Version 12.00
# Visual Studio 14
VisualStudioVersion = 14.0.25420.1
MinimumVisualStudioVersion = 10.0.40219.1
Project("{2150E333-8FDC-42A3-9474-1A3956D46DE8}") = "Factory", "Factory", "{3C46D722-4DD0-40EE-81C3-BF8D373F116D}"
EndProject
Project("{2150E333-8FDC-42A3-9474-1A3956D46DE8}") = "AbstractFactory", "AbstractFactory", "{61BD4DCF-B13C-43B9-B522-C34AFE5BCB96}"
EndProject
Project("{FAE04EC0-301F-11D3-BF4B-00C04F79EFBC}") = "Car", "Factory\Car\Car.csproj", "{9EE07407-C83F-477A-B588-60835B170841}"
EndProject
Project("{FAE04EC0-301F-11D3-BF4B-00C04F79EFBC}") = "CarEx", "Factory\CarEx\CarEx.csproj", "{7A483B7A-BD2C-4EC3-877F-F9B79FB733A3}"
EndProject
Project("{FAE04EC0-301F-11D3-BF4B-00C04F79EFBC}") = "CarEx", "AbstractFactory\CarEx\CarEx.csproj", "{995FBF75-9D13-45D6-916D-925DF59AE750}"
EndProject
Project("{FAE04EC0-301F-11D3-BF4B-00C04F79EFBC}") = "Car", "AbstractFactory\Car\Car.csproj", "{6FF523A9-BF21-47E2-8AAF-BC882562CFEB}"
EndProject
Project("{2150E333-8FDC-42A3-9474-1A3956D46DE8}") = "Adapter", "Adapter", "{34C2822E-790C-4693-977A-5DE6798C3E84}"
EndProject
Project("{FAE04EC0-301F-11D3-BF4B-00C04F79EFBC}") = "Workflow", "Adapter\Workflow\Workflow.csproj", "{9DBEFA08-A6E9-47FE-B4EB-20107B7830F0}"
EndProject
Project("{FAE04EC0-301F-11D3-BF4B-00C04F79EFBC}") = "WorkflowEx", "Adapter\WorkflowEx\WorkflowEx.csproj", "{6A0F8733-F447-4689-AD36-E0ACEF9135F9}"
EndProject
Global
	GlobalSection(SolutionConfigurationPlatforms) = preSolution
		Debug|Any CPU = Debug|Any CPU
		Release|Any CPU = Release|Any CPU
	EndGlobalSection
	GlobalSection(ProjectConfigurationPlatforms) = postSolution
		{9EE07407-C83F-477A-B588-60835B170841}.Debug|Any CPU.ActiveCfg = Debug|Any CPU
		{9EE07407-C83F-477A-B588-60835B170841}.Debug|Any CPU.Build.0 = Debug|Any CPU
		{9EE07407-C83F-477A-B588-60835B170841}.Release|Any CPU.ActiveCfg = Release|Any CPU
		{9EE07407-C83F-477A-B588-60835B170841}.Release|Any CPU.Build.0 = Release|Any CPU
		{7A483B7A-BD2C-4EC3-877F-F9B79FB733A3}.Debug|Any CPU.ActiveCfg = Debug|Any CPU
		{7A483B7A-BD2C-4EC3-877F-F9B79FB733A3}.Debug|Any CPU.Build.0 = Debug|Any CPU
		{7A483B7A-BD2C-4EC3-877F-F9B79FB733A3}.Release|Any CPU.ActiveCfg = Release|Any CPU
		{7A483B7A-BD2C-4EC3-877F-F9B79FB733A3}.Release|Any CPU.Build.0 = Release|Any CPU
		{995FBF75-9D13-45D6-916D-925DF59AE750}.Debug|Any CPU.ActiveCfg = Debug|Any CPU
		{995FBF75-9D13-45D6-916D-925DF59AE750}.Debug|Any CPU.Build.0 = Debug|Any CPU
		{995FBF75-9D13-45D6-916D-925DF59AE750}.Release|Any CPU.ActiveCfg = Release|Any CPU
		{995FBF75-9D13-45D6-916D-925DF59AE750}.Release|Any CPU.Build.0 = Release|Any CPU
		{6FF523A9-BF21-47E2-8AAF-BC882562CFEB}.Debug|Any CPU.ActiveCfg = Debug|Any CPU
		{6FF523A9-BF21-47E2-8AAF-BC882562CFEB}.Debug|Any CPU.Build.0 = Debug|Any CPU
		{6FF523A9-BF21-47E2-8AAF-BC882562CFEB}.Release|Any CPU.ActiveCfg = Release|Any CPU
		{6FF523A9-BF21-47E2-8AAF-BC882562CFEB}.Release|Any CPU.Build.0 = Release|Any CPU
		{9DBEFA08-A6E9-47FE-B4EB-20107B7830F0}.Debug|Any CPU.ActiveCfg = Debug|Any CPU
		{9DBEFA08-A6E9-47FE-B4EB-20107B7830F0}.Debug|Any CPU.Build.0 = Debug|Any CPU
		{9DBEFA08-A6E9-47FE-B4EB-20107B7830F0}.Release|Any CPU.ActiveCfg = Release|Any CPU
		{9DBEFA08-A6E9-47FE-B4EB-20107B7830F0}.Release|Any CPU.Build.0 = Release|Any CPU
		{6A0F8733-F447-4689-AD36-E0ACEF9135F9}.Debug|Any CPU.ActiveCfg = Debug|Any CPU
		{6A0F8733-F447-4689-AD36-E0ACEF9135F9}.Debug|Any CPU.Build.0 = Debug|Any CPU
		{6A0F8733-F447-4689-AD36-E0ACEF9135F9}.Release|Any CPU.ActiveCfg = Release|Any CPU
		{6A0F8733-F447-4689-AD36-E0ACEF9135F9}.Release|Any CPU.Build.0 = Release|Any CPU
	EndGlobalSection
	GlobalSection(SolutionProperties) = preSolution
		HideSolutionNode = FALSE
	EndGlobalSection
	GlobalSection(NestedProjects) = preSolution
		{9EE07407-C83F-477A-B588-60835B170841} = {3C46D722-4DD0-40EE-81C3-BF8D373F116D}
		{7A483B7A-BD2C-4EC3-877F-F9B79FB733A3} = {3C46D722-4DD0-40EE-81C3-BF8D373F116D}
		{995FBF75-9D13-45D6-916D-925DF59AE750} = {61BD4DCF-B13C-43B9-B522-C34AFE5BCB96}
		{6FF523A9-BF21-47E2-8AAF-BC882562CFEB} = {61BD4DCF-B13C-43B9-B522-C34AFE5BCB96}
		{9DBEFA08-A6E9-47FE-B4EB-20107B7830F0} = {34C2822E-790C-4693-977A-5DE6798C3E84}
		{6A0F8733-F447-4689-AD36-E0ACEF9135F9} = {34C2822E-790C-4693-977A-5DE6798C3E84}
	EndGlobalSection
EndGlobal
