
Microsoft Visual Studio Solution File, Format Version 12.00
# Visual Studio 14
VisualStudioVersion = 14.0.25420.1
MinimumVisualStudioVersion = 10.0.40219.1
Project("{2150E333-8FDC-42A3-9474-1A3956D46DE8}") = "Factory", "Factory", "{3C46D722-4DD0-40EE-81C3-BF8D373F116D}"
EndProject
Project("{2150E333-8FDC-42A3-9474-1A3956D46DE8}") = "AbstractFactory", "AbstractFactory", "{61BD4DCF-B13C-43B9-B522-C34AFE5BCB96}"
EndProject
Project("{FAE04EC0-301F-11D3-BF4B-00C04F79EFBC}") = "Car", "Factory\Car\Car.csproj", "{9EE07407-C83F-477A-B588-60835B170841}"
EndProject
Project("{FAE04EC0-301F-11D3-BF4B-00C04F79EFBC}") = "CarEx", "Factory\CarEx\CarEx.csproj", "{7A483B7A-BD2C-4EC3-877F-F9B79FB733A3}"
EndProject
Project("{FAE04EC0-301F-11D3-BF4B-00C04F79EFBC}") = "CarEx", "AbstractFactory\CarEx\CarEx.csproj", "{995FBF75-9D13-45D6-916D-925DF59AE750}"
EndProject
Project("{FAE04EC0-301F-11D3-BF4B-00C04F79EFBC}") = "Car", "AbstractFactory\Car\Car.csproj", "{6FF523A9-BF21-47E2-8AAF-BC882562CFEB}"
EndProject
Project("{2150E333-8FDC-42A3-9474-1A3956D46DE8}") = "Adapter", "Adapter", "{34C2822E-790C-4693-977A-5DE6798C3E84}"
EndProject
Project("{FAE04EC0-301F-11D3-BF4B-00C04F79EFBC}") = "Workflow", "Adapter\Workflow\Workflow.csproj", "{9DBEFA08-A6E9-47FE-B4EB-20107B7830F0}"
EndProject
Project("{FAE04EC0-301F-11D3-BF4B-00C04F79EFBC}") = "WorkflowEx", "Adapter\WorkflowEx\WorkflowEx.csproj", "{6A0F8733-F447-4689-AD36-E0ACEF9135F9}"
EndProject
Project("{FAE04EC0-301F-11D3-BF4B-00C04F79EFBC}") = "Coffee", "Bridge\Coffee\Coffee.csproj", "{CE09AC73-9C4E-4D35-BCF9-A3C2931C60E0}"
EndProject
Project("{2150E333-8FDC-42A3-9474-1A3956D46DE8}") = "Bridge", "Bridge", "{07222DDB-C900-4444-AF44-7DEA33FD6985}"
EndProject
Project("{FAE04EC0-301F-11D3-BF4B-00C04F79EFBC}") = "CoffeeEx", "Bridge\CoffeeEx\CoffeeEx.csproj", "{4F14267A-3BDE-4FEB-919B-5A750D1DF25E}"
EndProject
Project("{2150E333-8FDC-42A3-9474-1A3956D46DE8}") = "ReflectionA", "ReflectionA", "{04135B46-E619-451F-85C0-4240F85F0DAA}"
EndProject
Project("{FAE04EC0-301F-11D3-BF4B-00C04F79EFBC}") = "ReflectionA", "ReflectionA\ReflectionA\ReflectionA.csproj", "{CA3CFDF9-DB36-43FB-9032-6ED0D9880E64}"
EndProject
Project("{FAE04EC0-301F-11D3-BF4B-00C04F79EFBC}") = "Reflection.Unknown", "ReflectionA\Reflection.Unknown\Reflection.Unknown.csproj", "{4F68F17B-276B-4337-994B-B308580C55CD}"
EndProject
Project("{2150E333-8FDC-42A3-9474-1A3956D46DE8}") = "ReflectionB", "ReflectionB", "{EE50A801-3DF4-4545-87AD-FEC6ACFBF751}"
EndProject
Project("{FAE04EC0-301F-11D3-BF4B-00C04F79EFBC}") = "ReflectionB", "ReflectionB\ReflectionB\ReflectionB.csproj", "{DA8E94C3-CFCA-4388-A5CB-B68BD5721547}"
EndProject
Project("{2150E333-8FDC-42A3-9474-1A3956D46DE8}") = "CupSize", "CupSize", "{FDF77C3D-8DD5-44BE-9F1A-CD651D68D97C}"
EndProject
Project("{2150E333-8FDC-42A3-9474-1A3956D46DE8}") = "Drink", "Drink", "{19EAA7F2-4E03-43AC-8585-095F1FBD2E23}"
EndProject
Project("{2150E333-8FDC-42A3-9474-1A3956D46DE8}") = "Sugar", "Sugar", "{2391CBCD-50EC-46FD-9772-D18DC1C2A781}"
EndProject
Project("{FAE04EC0-301F-11D3-BF4B-00C04F79EFBC}") = "CupBase", "ReflectionB\CupSize\CupBase\CupBase.csproj", "{7F2B1AE5-EEA5-4186-852C-ABCF3CEB7A9A}"
EndProject
Project("{FAE04EC0-301F-11D3-BF4B-00C04F79EFBC}") = "LargeCup", "ReflectionB\CupSize\LargeCup\LargeCup.csproj", "{6691324A-5671-4FE4-9690-D8564A2A750F}"
EndProject
Project("{FAE04EC0-301F-11D3-BF4B-00C04F79EFBC}") = "DrinkBase", "ReflectionB\Drink\DrinkBase\DrinkBase.csproj", "{F936AE0F-5073-4C6F-BF72-C28FC647B582}"
EndProject
Project("{FAE04EC0-301F-11D3-BF4B-00C04F79EFBC}") = "SugarBase", "ReflectionB\Sugar\SugarBase\SugarBase.csproj", "{DC5B2813-23EC-4A6C-9A4D-57C4C5B73C73}"
EndProject
Project("{FAE04EC0-301F-11D3-BF4B-00C04F79EFBC}") = "MediumCup", "ReflectionB\CupSize\MediumCup\MediumCup.csproj", "{ADB2E871-DB3D-4312-8127-FCC0D4E8BF19}"
EndProject
Project("{FAE04EC0-301F-11D3-BF4B-00C04F79EFBC}") = "Cappuccino", "ReflectionB\Drink\Cappuccino\Cappuccino.csproj", "{5A50AD53-638B-4DDC-AE03-67A46B12CC2A}"
EndProject
Project("{FAE04EC0-301F-11D3-BF4B-00C04F79EFBC}") = "RegularSugar", "ReflectionB\Sugar\RegularSugar\RegularSugar.csproj", "{81015B20-1279-46E5-B7C9-2796D3B4FD84}"
EndProject
Project("{FAE04EC0-301F-11D3-BF4B-00C04F79EFBC}") = "MaterielBase", "ReflectionB\MaterielBase\MaterielBase.csproj", "{7BB4E4E0-0281-4073-96F2-31B625E81F1A}"
EndProject
Project("{FAE04EC0-301F-11D3-BF4B-00C04F79EFBC}") = "LessSugar", "ReflectionB\Sugar\LessSugar\LessSugar.csproj", "{02D2F3C7-4532-4BEC-8596-6EAB1EA3DE76}"
EndProject
Global
	GlobalSection(SolutionConfigurationPlatforms) = preSolution
		Debug|Any CPU = Debug|Any CPU
		Release|Any CPU = Release|Any CPU
	EndGlobalSection
	GlobalSection(ProjectConfigurationPlatforms) = postSolution
		{9EE07407-C83F-477A-B588-60835B170841}.Debug|Any CPU.ActiveCfg = Debug|Any CPU
		{9EE07407-C83F-477A-B588-60835B170841}.Debug|Any CPU.Build.0 = Debug|Any CPU
		{9EE07407-C83F-477A-B588-60835B170841}.Release|Any CPU.ActiveCfg = Release|Any CPU
		{9EE07407-C83F-477A-B588-60835B170841}.Release|Any CPU.Build.0 = Release|Any CPU
		{7A483B7A-BD2C-4EC3-877F-F9B79FB733A3}.Debug|Any CPU.ActiveCfg = Debug|Any CPU
		{7A483B7A-BD2C-4EC3-877F-F9B79FB733A3}.Debug|Any CPU.Build.0 = Debug|Any CPU
		{7A483B7A-BD2C-4EC3-877F-F9B79FB733A3}.Release|Any CPU.ActiveCfg = Release|Any CPU
		{7A483B7A-BD2C-4EC3-877F-F9B79FB733A3}.Release|Any CPU.Build.0 = Release|Any CPU
		{995FBF75-9D13-45D6-916D-925DF59AE750}.Debug|Any CPU.ActiveCfg = Debug|Any CPU
		{995FBF75-9D13-45D6-916D-925DF59AE750}.Debug|Any CPU.Build.0 = Debug|Any CPU
		{995FBF75-9D13-45D6-916D-925DF59AE750}.Release|Any CPU.ActiveCfg = Release|Any CPU
		{995FBF75-9D13-45D6-916D-925DF59AE750}.Release|Any CPU.Build.0 = Release|Any CPU
		{6FF523A9-BF21-47E2-8AAF-BC882562CFEB}.Debug|Any CPU.ActiveCfg = Debug|Any CPU
		{6FF523A9-BF21-47E2-8AAF-BC882562CFEB}.Debug|Any CPU.Build.0 = Debug|Any CPU
		{6FF523A9-BF21-47E2-8AAF-BC882562CFEB}.Release|Any CPU.ActiveCfg = Release|Any CPU
		{6FF523A9-BF21-47E2-8AAF-BC882562CFEB}.Release|Any CPU.Build.0 = Release|Any CPU
		{9DBEFA08-A6E9-47FE-B4EB-20107B7830F0}.Debug|Any CPU.ActiveCfg = Debug|Any CPU
		{9DBEFA08-A6E9-47FE-B4EB-20107B7830F0}.Debug|Any CPU.Build.0 = Debug|Any CPU
		{9DBEFA08-A6E9-47FE-B4EB-20107B7830F0}.Release|Any CPU.ActiveCfg = Release|Any CPU
		{9DBEFA08-A6E9-47FE-B4EB-20107B7830F0}.Release|Any CPU.Build.0 = Release|Any CPU
		{6A0F8733-F447-4689-AD36-E0ACEF9135F9}.Debug|Any CPU.ActiveCfg = Debug|Any CPU
		{6A0F8733-F447-4689-AD36-E0ACEF9135F9}.Debug|Any CPU.Build.0 = Debug|Any CPU
		{6A0F8733-F447-4689-AD36-E0ACEF9135F9}.Release|Any CPU.ActiveCfg = Release|Any CPU
		{6A0F8733-F447-4689-AD36-E0ACEF9135F9}.Release|Any CPU.Build.0 = Release|Any CPU
		{CE09AC73-9C4E-4D35-BCF9-A3C2931C60E0}.Debug|Any CPU.ActiveCfg = Debug|Any CPU
		{CE09AC73-9C4E-4D35-BCF9-A3C2931C60E0}.Debug|Any CPU.Build.0 = Debug|Any CPU
		{CE09AC73-9C4E-4D35-BCF9-A3C2931C60E0}.Release|Any CPU.ActiveCfg = Release|Any CPU
		{CE09AC73-9C4E-4D35-BCF9-A3C2931C60E0}.Release|Any CPU.Build.0 = Release|Any CPU
		{4F14267A-3BDE-4FEB-919B-5A750D1DF25E}.Debug|Any CPU.ActiveCfg = Debug|Any CPU
		{4F14267A-3BDE-4FEB-919B-5A750D1DF25E}.Debug|Any CPU.Build.0 = Debug|Any CPU
		{4F14267A-3BDE-4FEB-919B-5A750D1DF25E}.Release|Any CPU.ActiveCfg = Release|Any CPU
		{4F14267A-3BDE-4FEB-919B-5A750D1DF25E}.Release|Any CPU.Build.0 = Release|Any CPU
		{CA3CFDF9-DB36-43FB-9032-6ED0D9880E64}.Debug|Any CPU.ActiveCfg = Debug|Any CPU
		{CA3CFDF9-DB36-43FB-9032-6ED0D9880E64}.Debug|Any CPU.Build.0 = Debug|Any CPU
		{CA3CFDF9-DB36-43FB-9032-6ED0D9880E64}.Release|Any CPU.ActiveCfg = Release|Any CPU
		{CA3CFDF9-DB36-43FB-9032-6ED0D9880E64}.Release|Any CPU.Build.0 = Release|Any CPU
		{4F68F17B-276B-4337-994B-B308580C55CD}.Debug|Any CPU.ActiveCfg = Debug|Any CPU
		{4F68F17B-276B-4337-994B-B308580C55CD}.Debug|Any CPU.Build.0 = Debug|Any CPU
		{4F68F17B-276B-4337-994B-B308580C55CD}.Release|Any CPU.ActiveCfg = Release|Any CPU
		{4F68F17B-276B-4337-994B-B308580C55CD}.Release|Any CPU.Build.0 = Release|Any CPU
		{DA8E94C3-CFCA-4388-A5CB-B68BD5721547}.Debug|Any CPU.ActiveCfg = Debug|Any CPU
		{DA8E94C3-CFCA-4388-A5CB-B68BD5721547}.Debug|Any CPU.Build.0 = Debug|Any CPU
		{DA8E94C3-CFCA-4388-A5CB-B68BD5721547}.Release|Any CPU.ActiveCfg = Release|Any CPU
		{DA8E94C3-CFCA-4388-A5CB-B68BD5721547}.Release|Any CPU.Build.0 = Release|Any CPU
		{7F2B1AE5-EEA5-4186-852C-ABCF3CEB7A9A}.Debug|Any CPU.ActiveCfg = Debug|Any CPU
		{7F2B1AE5-EEA5-4186-852C-ABCF3CEB7A9A}.Debug|Any CPU.Build.0 = Debug|Any CPU
		{7F2B1AE5-EEA5-4186-852C-ABCF3CEB7A9A}.Release|Any CPU.ActiveCfg = Release|Any CPU
		{7F2B1AE5-EEA5-4186-852C-ABCF3CEB7A9A}.Release|Any CPU.Build.0 = Release|Any CPU
		{6691324A-5671-4FE4-9690-D8564A2A750F}.Debug|Any CPU.ActiveCfg = Debug|Any CPU
		{6691324A-5671-4FE4-9690-D8564A2A750F}.Debug|Any CPU.Build.0 = Debug|Any CPU
		{6691324A-5671-4FE4-9690-D8564A2A750F}.Release|Any CPU.ActiveCfg = Release|Any CPU
		{6691324A-5671-4FE4-9690-D8564A2A750F}.Release|Any CPU.Build.0 = Release|Any CPU
		{F936AE0F-5073-4C6F-BF72-C28FC647B582}.Debug|Any CPU.ActiveCfg = Debug|Any CPU
		{F936AE0F-5073-4C6F-BF72-C28FC647B582}.Debug|Any CPU.Build.0 = Debug|Any CPU
		{F936AE0F-5073-4C6F-BF72-C28FC647B582}.Release|Any CPU.ActiveCfg = Release|Any CPU
		{F936AE0F-5073-4C6F-BF72-C28FC647B582}.Release|Any CPU.Build.0 = Release|Any CPU
		{DC5B2813-23EC-4A6C-9A4D-57C4C5B73C73}.Debug|Any CPU.ActiveCfg = Debug|Any CPU
		{DC5B2813-23EC-4A6C-9A4D-57C4C5B73C73}.Debug|Any CPU.Build.0 = Debug|Any CPU
		{DC5B2813-23EC-4A6C-9A4D-57C4C5B73C73}.Release|Any CPU.ActiveCfg = Release|Any CPU
		{DC5B2813-23EC-4A6C-9A4D-57C4C5B73C73}.Release|Any CPU.Build.0 = Release|Any CPU
		{ADB2E871-DB3D-4312-8127-FCC0D4E8BF19}.Debug|Any CPU.ActiveCfg = Debug|Any CPU
		{ADB2E871-DB3D-4312-8127-FCC0D4E8BF19}.Debug|Any CPU.Build.0 = Debug|Any CPU
		{ADB2E871-DB3D-4312-8127-FCC0D4E8BF19}.Release|Any CPU.ActiveCfg = Release|Any CPU
		{ADB2E871-DB3D-4312-8127-FCC0D4E8BF19}.Release|Any CPU.Build.0 = Release|Any CPU
		{5A50AD53-638B-4DDC-AE03-67A46B12CC2A}.Debug|Any CPU.ActiveCfg = Debug|Any CPU
		{5A50AD53-638B-4DDC-AE03-67A46B12CC2A}.Debug|Any CPU.Build.0 = Debug|Any CPU
		{5A50AD53-638B-4DDC-AE03-67A46B12CC2A}.Release|Any CPU.ActiveCfg = Release|Any CPU
		{5A50AD53-638B-4DDC-AE03-67A46B12CC2A}.Release|Any CPU.Build.0 = Release|Any CPU
		{81015B20-1279-46E5-B7C9-2796D3B4FD84}.Debug|Any CPU.ActiveCfg = Debug|Any CPU
		{81015B20-1279-46E5-B7C9-2796D3B4FD84}.Debug|Any CPU.Build.0 = Debug|Any CPU
		{81015B20-1279-46E5-B7C9-2796D3B4FD84}.Release|Any CPU.ActiveCfg = Release|Any CPU
		{81015B20-1279-46E5-B7C9-2796D3B4FD84}.Release|Any CPU.Build.0 = Release|Any CPU
		{7BB4E4E0-0281-4073-96F2-31B625E81F1A}.Debug|Any CPU.ActiveCfg = Debug|Any CPU
		{7BB4E4E0-0281-4073-96F2-31B625E81F1A}.Debug|Any CPU.Build.0 = Debug|Any CPU
		{7BB4E4E0-0281-4073-96F2-31B625E81F1A}.Release|Any CPU.ActiveCfg = Release|Any CPU
		{7BB4E4E0-0281-4073-96F2-31B625E81F1A}.Release|Any CPU.Build.0 = Release|Any CPU
		{02D2F3C7-4532-4BEC-8596-6EAB1EA3DE76}.Debug|Any CPU.ActiveCfg = Debug|Any CPU
		{02D2F3C7-4532-4BEC-8596-6EAB1EA3DE76}.Debug|Any CPU.Build.0 = Debug|Any CPU
		{02D2F3C7-4532-4BEC-8596-6EAB1EA3DE76}.Release|Any CPU.ActiveCfg = Release|Any CPU
		{02D2F3C7-4532-4BEC-8596-6EAB1EA3DE76}.Release|Any CPU.Build.0 = Release|Any CPU
	EndGlobalSection
	GlobalSection(SolutionProperties) = preSolution
		HideSolutionNode = FALSE
	EndGlobalSection
	GlobalSection(NestedProjects) = preSolution
		{9EE07407-C83F-477A-B588-60835B170841} = {3C46D722-4DD0-40EE-81C3-BF8D373F116D}
		{7A483B7A-BD2C-4EC3-877F-F9B79FB733A3} = {3C46D722-4DD0-40EE-81C3-BF8D373F116D}
		{995FBF75-9D13-45D6-916D-925DF59AE750} = {61BD4DCF-B13C-43B9-B522-C34AFE5BCB96}
		{6FF523A9-BF21-47E2-8AAF-BC882562CFEB} = {61BD4DCF-B13C-43B9-B522-C34AFE5BCB96}
		{9DBEFA08-A6E9-47FE-B4EB-20107B7830F0} = {34C2822E-790C-4693-977A-5DE6798C3E84}
		{6A0F8733-F447-4689-AD36-E0ACEF9135F9} = {34C2822E-790C-4693-977A-5DE6798C3E84}
		{CE09AC73-9C4E-4D35-BCF9-A3C2931C60E0} = {07222DDB-C900-4444-AF44-7DEA33FD6985}
		{4F14267A-3BDE-4FEB-919B-5A750D1DF25E} = {07222DDB-C900-4444-AF44-7DEA33FD6985}
		{CA3CFDF9-DB36-43FB-9032-6ED0D9880E64} = {04135B46-E619-451F-85C0-4240F85F0DAA}
		{4F68F17B-276B-4337-994B-B308580C55CD} = {04135B46-E619-451F-85C0-4240F85F0DAA}
		{DA8E94C3-CFCA-4388-A5CB-B68BD5721547} = {EE50A801-3DF4-4545-87AD-FEC6ACFBF751}
		{FDF77C3D-8DD5-44BE-9F1A-CD651D68D97C} = {EE50A801-3DF4-4545-87AD-FEC6ACFBF751}
		{19EAA7F2-4E03-43AC-8585-095F1FBD2E23} = {EE50A801-3DF4-4545-87AD-FEC6ACFBF751}
		{2391CBCD-50EC-46FD-9772-D18DC1C2A781} = {EE50A801-3DF4-4545-87AD-FEC6ACFBF751}
		{7F2B1AE5-EEA5-4186-852C-ABCF3CEB7A9A} = {FDF77C3D-8DD5-44BE-9F1A-CD651D68D97C}
		{6691324A-5671-4FE4-9690-D8564A2A750F} = {FDF77C3D-8DD5-44BE-9F1A-CD651D68D97C}
		{F936AE0F-5073-4C6F-BF72-C28FC647B582} = {19EAA7F2-4E03-43AC-8585-095F1FBD2E23}
		{DC5B2813-23EC-4A6C-9A4D-57C4C5B73C73} = {2391CBCD-50EC-46FD-9772-D18DC1C2A781}
		{ADB2E871-DB3D-4312-8127-FCC0D4E8BF19} = {FDF77C3D-8DD5-44BE-9F1A-CD651D68D97C}
		{5A50AD53-638B-4DDC-AE03-67A46B12CC2A} = {19EAA7F2-4E03-43AC-8585-095F1FBD2E23}
		{81015B20-1279-46E5-B7C9-2796D3B4FD84} = {2391CBCD-50EC-46FD-9772-D18DC1C2A781}
		{7BB4E4E0-0281-4073-96F2-31B625E81F1A} = {EE50A801-3DF4-4545-87AD-FEC6ACFBF751}
		{02D2F3C7-4532-4BEC-8596-6EAB1EA3DE76} = {2391CBCD-50EC-46FD-9772-D18DC1C2A781}
	EndGlobalSection
EndGlobal
